<?xml version="1.0" encoding="utf-8"?>
<Project ToolsVersion="4.0" xmlns="http://schemas.microsoft.com/developer/msbuild/2003">
  <ItemGroup>
    <Filter Include="Engine">
      <UniqueIdentifier>{47d558f7-0222-452a-9e4d-9dcf27c57964}</UniqueIdentifier>
    </Filter>
    <Filter Include="Engine\Misc">
      <UniqueIdentifier>{53c3a0f5-1735-4f53-9599-29286071725a}</UniqueIdentifier>
    </Filter>
    <Filter Include="Engine\Utility">
      <UniqueIdentifier>{fd504d1a-6741-4ae3-8953-628b57da58d8}</UniqueIdentifier>
    </Filter>
    <Filter Include="Engine\ThirdParty">
      <UniqueIdentifier>{e78613f8-321b-4d70-bbb5-4064207f0224}</UniqueIdentifier>
    </Filter>
    <Filter Include="Engine\Interfaces">
      <UniqueIdentifier>{dd1dffd5-4d82-45eb-8556-f178ad21d270}</UniqueIdentifier>
    </Filter>
    <Filter Include="Engine\Systems">
      <UniqueIdentifier>{188c91ba-0f09-4591-bdb1-08b5a4ea68d7}</UniqueIdentifier>
    </Filter>
    <Filter Include="Engine\Systems\Audio">
      <UniqueIdentifier>{fb6d441f-6810-4a2b-8f8b-00750d02de2e}</UniqueIdentifier>
    </Filter>
    <Filter Include="Engine\Systems\Logging">
      <UniqueIdentifier>{4b871f56-c1fc-4e14-82b5-585c27e87a99}</UniqueIdentifier>
    </Filter>
    <Filter Include="Engine\Systems\Rendering">
      <UniqueIdentifier>{65677265-2870-455f-9bba-eeca133d3712}</UniqueIdentifier>
    </Filter>
    <Filter Include="Engine\Systems\Time">
      <UniqueIdentifier>{485d392d-7116-4a1e-85c7-6f90a2a2ea69}</UniqueIdentifier>
    </Filter>
    <Filter Include="Engine\Systems\GameWorld">
      <UniqueIdentifier>{acbf9491-53ae-4db8-86dd-4521a26547a3}</UniqueIdentifier>
    </Filter>
    <Filter Include="Engine\GameComponents">
      <UniqueIdentifier>{cec6eefd-78ca-4d1e-a5cc-c08b58bd0da8}</UniqueIdentifier>
    </Filter>
    <Filter Include="MagaMen">
      <UniqueIdentifier>{26036865-a72b-497d-a2a0-78000373f020}</UniqueIdentifier>
    </Filter>
    <Filter Include="MagaMen\GameObjects">
      <UniqueIdentifier>{9dd126df-b432-4b75-9b0b-05e1d5b5074c}</UniqueIdentifier>
    </Filter>
    <Filter Include="MagaMen\States">
      <UniqueIdentifier>{33e9eeda-b00b-40af-9d72-5e521b54bf1e}</UniqueIdentifier>
    </Filter>
    <Filter Include="MagaMen\Loading">
      <UniqueIdentifier>{db01e57d-070e-4347-b14e-00489270fe36}</UniqueIdentifier>
    </Filter>
  </ItemGroup>
  <ItemGroup>
    <ClCompile Include="..\..\Engine\Misc\Rectangle.cpp">
      <Filter>Engine\Misc</Filter>
    </ClCompile>
    <ClCompile Include="..\..\Engine\Misc\Vector2.cpp">
      <Filter>Engine\Misc</Filter>
    </ClCompile>
    <ClCompile Include="..\..\Engine\Misc\Vector3.cpp">
      <Filter>Engine\Misc</Filter>
    </ClCompile>
    <ClCompile Include="..\..\Engine\Utility\Time.cpp">
      <Filter>Engine\Utility</Filter>
    </ClCompile>
    <ClCompile Include="..\..\Engine\Engine.cpp">
      <Filter>Engine</Filter>
    </ClCompile>
    <ClCompile Include="..\..\Engine\Configuration.cpp">
      <Filter>Engine</Filter>
    </ClCompile>
    <ClCompile Include="..\..\Engine\ThirdParty\pugixml.cpp">
      <Filter>Engine\ThirdParty</Filter>
    </ClCompile>
    <ClCompile Include="..\..\Engine\Utility\String.cpp">
      <Filter>Engine\Utility</Filter>
    </ClCompile>
    <ClCompile Include="..\..\Engine\Systems\Audio\AudioSFML.cpp">
      <Filter>Engine\Systems\Audio</Filter>
    </ClCompile>
    <ClCompile Include="..\..\Engine\Systems\Audio\SFMLSound.cpp">
      <Filter>Engine\Systems\Audio</Filter>
    </ClCompile>
    <ClCompile Include="..\..\Engine\Systems\Logging\LoggerHAPI.cpp">
      <Filter>Engine\Systems\Logging</Filter>
    </ClCompile>
    <ClCompile Include="..\..\Engine\Systems\Logging\LoggerSTL.cpp">
      <Filter>Engine\Systems\Logging</Filter>
    </ClCompile>
    <ClCompile Include="..\..\Engine\Systems\Time\TimeSTL.cpp">
      <Filter>Engine\Systems\Time</Filter>
    </ClCompile>
    <ClCompile Include="..\..\Engine\Systems\Rendering\HAPITexture.cpp">
      <Filter>Engine\Systems\Rendering</Filter>
    </ClCompile>
    <ClCompile Include="..\..\Engine\Systems\Rendering\RendererHAPI.cpp">
      <Filter>Engine\Systems\Rendering</Filter>
    </ClCompile>
    <ClCompile Include="..\..\Engine\Systems\GameWorld\GameWorld.cpp">
      <Filter>Engine\Systems\GameWorld</Filter>
    </ClCompile>
    <ClCompile Include="..\..\Engine\GameComponents\GameState.cpp">
      <Filter>Engine\GameComponents</Filter>
    </ClCompile>
    <ClCompile Include="..\..\Engine\GameComponents\GameObject.cpp">
      <Filter>Engine\GameComponents</Filter>
    </ClCompile>
    <ClCompile Include="..\..\Engine\GameComponents\Collider.cpp">
      <Filter>Engine\GameComponents</Filter>
    </ClCompile>
    <ClCompile Include="..\..\MagaMen.cpp" />
  </ItemGroup>
  <ItemGroup>
    <ClInclude Include="..\..\Engine\Misc\Rectangle.hpp">
      <Filter>Engine\Misc</Filter>
    </ClInclude>
    <ClInclude Include="..\..\Engine\Misc\Vector2.hpp">
      <Filter>Engine\Misc</Filter>
    </ClInclude>
    <ClInclude Include="..\..\Engine\Misc\Vector3.hpp">
      <Filter>Engine\Misc</Filter>
    </ClInclude>
    <ClInclude Include="..\..\Engine\Utility\Maths.hpp">
      <Filter>Engine\Utility</Filter>
    </ClInclude>
    <ClInclude Include="..\..\Engine\Utility\RNG.hpp">
      <Filter>Engine\Utility</Filter>
    </ClInclude>
    <ClInclude Include="..\..\Engine\Utility\Time.hpp">
      <Filter>Engine\Utility</Filter>
    </ClInclude>
    <ClInclude Include="..\..\Engine\Engine.hpp">
      <Filter>Engine</Filter>
    </ClInclude>
    <ClInclude Include="..\..\Engine\WaterEngine.hpp">
      <Filter>Engine</Filter>
    </ClInclude>
    <ClInclude Include="..\..\Engine\WaterEngineForward.hpp">
      <Filter>Engine</Filter>
    </ClInclude>
    <ClInclude Include="..\..\Engine\Configuration.hpp">
      <Filter>Engine</Filter>
    </ClInclude>
    <ClInclude Include="..\..\Engine\ThirdParty\pugiconfig.hpp">
      <Filter>Engine\ThirdParty</Filter>
    </ClInclude>
    <ClInclude Include="..\..\Engine\ThirdParty\pugixml.hpp">
      <Filter>Engine\ThirdParty</Filter>
    </ClInclude>
    <ClInclude Include="..\..\Engine\Utility\String.hpp">
      <Filter>Engine\Utility</Filter>
    </ClInclude>
    <ClInclude Include="..\..\Engine\Interfaces\IAudio.hpp">
      <Filter>Engine\Interfaces</Filter>
    </ClInclude>
    <ClInclude Include="..\..\Engine\Interfaces\IInput.hpp">
      <Filter>Engine\Interfaces</Filter>
    </ClInclude>
    <ClInclude Include="..\..\Engine\Interfaces\ILogger.hpp">
      <Filter>Engine\Interfaces</Filter>
    </ClInclude>
    <ClInclude Include="..\..\Engine\Interfaces\IRenderer.hpp">
      <Filter>Engine\Interfaces</Filter>
    </ClInclude>
    <ClInclude Include="..\..\Engine\Interfaces\ITime.hpp">
      <Filter>Engine\Interfaces</Filter>
    </ClInclude>
    <ClInclude Include="..\..\Engine\Systems.hpp">
      <Filter>Engine</Filter>
    </ClInclude>
    <ClInclude Include="..\..\Engine\Systems\Audio\AudioSFML.hpp">
      <Filter>Engine\Systems\Audio</Filter>
    </ClInclude>
    <ClInclude Include="..\..\Engine\Systems\Audio\SFMLSound.hpp">
      <Filter>Engine\Systems\Audio</Filter>
    </ClInclude>
    <ClInclude Include="..\..\Engine\Systems\Logging\LoggerHAPI.hpp">
      <Filter>Engine\Systems\Logging</Filter>
    </ClInclude>
    <ClInclude Include="..\..\Engine\Systems\Logging\LoggerSTL.hpp">
      <Filter>Engine\Systems\Logging</Filter>
    </ClInclude>
    <ClInclude Include="..\..\Engine\Systems\Time\TimeSTL.hpp">
      <Filter>Engine\Systems\Time</Filter>
    </ClInclude>
    <ClInclude Include="..\..\Engine\Systems\Rendering\RendererHAPI.hpp">
      <Filter>Engine\Systems\Rendering</Filter>
    </ClInclude>
    <ClInclude Include="..\..\Engine\Systems\Rendering\HAPITexture.hpp">
      <Filter>Engine\Systems\Rendering</Filter>
    </ClInclude>
    <ClInclude Include="..\..\Engine\Systems\IEngineAudio.hpp">
      <Filter>Engine\Systems</Filter>
    </ClInclude>
    <ClInclude Include="..\..\Engine\Systems\IEngineLogger.hpp">
      <Filter>Engine\Systems</Filter>
    </ClInclude>
    <ClInclude Include="..\..\Engine\Systems\IEngineRenderer.hpp">
      <Filter>Engine\Systems</Filter>
    </ClInclude>
    <ClInclude Include="..\..\Engine\Systems\IEngineTime.hpp">
      <Filter>Engine\Systems</Filter>
    </ClInclude>
    <ClInclude Include="..\..\Engine\Interfaces\IGameWorld.hpp">
      <Filter>Engine\Interfaces</Filter>
    </ClInclude>
    <ClInclude Include="..\..\Engine\Systems\IEngineGameWorld.hpp">
      <Filter>Engine\Systems</Filter>
    </ClInclude>
    <ClInclude Include="..\..\Engine\Systems\GameWorld\GameWorld.hpp">
      <Filter>Engine\Systems\GameWorld</Filter>
    </ClInclude>
    <ClInclude Include="..\..\Engine\Interfaces\IGameObject.hpp">
      <Filter>Engine\Interfaces</Filter>
    </ClInclude>
    <ClInclude Include="..\..\Engine\GameComponents\GameState.hpp">
      <Filter>Engine\GameComponents</Filter>
    </ClInclude>
    <ClInclude Include="..\..\Engine\GameComponents\GameObject.hpp">
      <Filter>Engine\GameComponents</Filter>
    </ClInclude>
    <ClInclude Include="..\..\Engine\GameComponents\PhysicsObject.hpp">
      <Filter>Engine\GameComponents</Filter>
    </ClInclude>
    <ClInclude Include="..\..\Engine\GameComponents\Collider.hpp">
      <Filter>Engine\GameComponents</Filter>
    </ClInclude>
    <ClInclude Include="..\..\MagaMen.hpp" />
    <ClInclude Include="..\..\MagaMen\States\StateIDs.hpp">
      <Filter>MagaMen\States</Filter>
    </ClInclude>
    <ClInclude Include="..\..\MagaMen\States\MainMenu.hpp">
      <Filter>MagaMen\States</Filter>
    </ClInclude>
    <ClInclude Include="..\..\MagaMen\States\MagaMenState.hpp">
      <Filter>MagaMen\States</Filter>
    </ClInclude>
  </ItemGroup>
</Project>