<?xml version="1.0" encoding="utf-8"?>
<Project ToolsVersion="4.0" xmlns="http://schemas.microsoft.com/developer/msbuild/2003">
  <ItemGroup>
    <Filter Include="World">
      <UniqueIdentifier>{26036865-a72b-497d-a2a0-78000373f020}</UniqueIdentifier>
    </Filter>
    <Filter Include="Engine">
      <UniqueIdentifier>{47d558f7-0222-452a-9e4d-9dcf27c57964}</UniqueIdentifier>
    </Filter>
    <Filter Include="Engine\Audio">
      <UniqueIdentifier>{21eb1e79-13d9-4d22-a3f4-665da72361d3}</UniqueIdentifier>
    </Filter>
    <Filter Include="Engine\Input">
      <UniqueIdentifier>{1bab7902-e338-433e-a8b9-c2bba5a9bc8b}</UniqueIdentifier>
    </Filter>
    <Filter Include="Engine\Time">
      <UniqueIdentifier>{9acabd5e-c6f8-4801-9224-0d86b85f6931}</UniqueIdentifier>
    </Filter>
    <Filter Include="Engine\Misc">
      <UniqueIdentifier>{53c3a0f5-1735-4f53-9599-29286071725a}</UniqueIdentifier>
    </Filter>
    <Filter Include="Engine\Utility">
      <UniqueIdentifier>{fd504d1a-6741-4ae3-8953-628b57da58d8}</UniqueIdentifier>
    </Filter>
    <Filter Include="Engine\Logging">
      <UniqueIdentifier>{741bbe7c-51c1-4028-803e-503435706b56}</UniqueIdentifier>
    </Filter>
    <Filter Include="Engine\Rendering">
      <UniqueIdentifier>{2ed1322b-1b62-473a-b6d7-66fc3c49079d}</UniqueIdentifier>
    </Filter>
    <Filter Include="Engine\Construction">
      <UniqueIdentifier>{f77f388a-eee8-4d40-8b82-bb86539009f6}</UniqueIdentifier>
    </Filter>
  </ItemGroup>
  <ItemGroup>
    <ClCompile Include="..\..\Engine\Audio\AudioSFML.cpp">
      <Filter>Engine\Audio</Filter>
    </ClCompile>
    <ClCompile Include="..\..\Engine\Rendering\RendererHAPI.cpp">
      <Filter>Engine\Rendering</Filter>
    </ClCompile>
    <ClCompile Include="..\..\WaterToken.cpp" />
    <ClCompile Include="..\..\Engine\Systems.cpp">
      <Filter>Engine</Filter>
    </ClCompile>
    <ClCompile Include="..\..\Engine\Rendering\HAPITexture.cpp">
      <Filter>Engine\Rendering</Filter>
    </ClCompile>
    <ClCompile Include="..\..\Engine\Audio\SFMLSound.cpp">
      <Filter>Engine\Audio</Filter>
    </ClCompile>
    <ClCompile Include="..\..\Engine\Misc\Rectangle.cpp">
      <Filter>Engine\Misc</Filter>
    </ClCompile>
    <ClCompile Include="..\..\Engine\Misc\Vector2.cpp">
      <Filter>Engine\Misc</Filter>
    </ClCompile>
    <ClCompile Include="..\..\Engine\Misc\Vector3.cpp">
      <Filter>Engine\Misc</Filter>
    </ClCompile>
    <ClCompile Include="..\..\Engine\Logging\LoggerHAPI.cpp">
      <Filter>Engine\Logging</Filter>
    </ClCompile>
    <ClCompile Include="..\..\Engine\Logging\LoggerSTL.cpp">
      <Filter>Engine\Logging</Filter>
    </ClCompile>
    <ClCompile Include="..\..\Engine\Time\TimeSTL.cpp">
      <Filter>Engine\Time</Filter>
    </ClCompile>
    <ClCompile Include="..\..\Engine\Utility\Time.cpp">
      <Filter>Engine\Utility</Filter>
    </ClCompile>
    <ClCompile Include="..\..\Engine\Engine.cpp">
      <Filter>Engine</Filter>
    </ClCompile>
    <ClCompile Include="..\..\Engine\Construction\EngineBuilder.cpp">
      <Filter>Engine\Construction</Filter>
    </ClCompile>
  </ItemGroup>
  <ItemGroup>
    <ClInclude Include="..\..\Engine\Audio\AudioSFML.hpp">
      <Filter>Engine\Audio</Filter>
    </ClInclude>
    <ClInclude Include="..\..\Engine\Audio\SFMLSound.hpp">
      <Filter>Engine\Audio</Filter>
    </ClInclude>
    <ClInclude Include="..\..\Engine\Logging\ILoggerEngine.hpp">
      <Filter>Engine\Logging</Filter>
    </ClInclude>
    <ClInclude Include="..\..\Engine\Logging\LoggerHAPI.hpp">
      <Filter>Engine\Logging</Filter>
    </ClInclude>
    <ClInclude Include="..\..\Engine\Logging\LoggerSTL.hpp">
      <Filter>Engine\Logging</Filter>
    </ClInclude>
    <ClInclude Include="..\..\Engine\Misc\Rectangle.hpp">
      <Filter>Engine\Misc</Filter>
    </ClInclude>
    <ClInclude Include="..\..\Engine\Misc\Vector2.hpp">
      <Filter>Engine\Misc</Filter>
    </ClInclude>
    <ClInclude Include="..\..\Engine\Misc\Vector3.hpp">
      <Filter>Engine\Misc</Filter>
    </ClInclude>
    <ClInclude Include="..\..\Engine\Rendering\HAPITexture.hpp">
      <Filter>Engine\Rendering</Filter>
    </ClInclude>
    <ClInclude Include="..\..\Engine\Rendering\IRendererEngine.hpp">
      <Filter>Engine\Rendering</Filter>
    </ClInclude>
    <ClInclude Include="..\..\Engine\Rendering\RendererHAPI.hpp">
      <Filter>Engine\Rendering</Filter>
    </ClInclude>
    <ClInclude Include="..\..\Engine\Time\ITimeEngine.hpp">
      <Filter>Engine\Time</Filter>
    </ClInclude>
    <ClInclude Include="..\..\Engine\IAudio.hpp">
      <Filter>Engine</Filter>
    </ClInclude>
    <ClInclude Include="..\..\Engine\IGameObject.hpp">
      <Filter>Engine</Filter>
    </ClInclude>
    <ClInclude Include="..\..\Engine\IInput.hpp">
      <Filter>Engine</Filter>
    </ClInclude>
    <ClInclude Include="..\..\Engine\ILogger.hpp">
      <Filter>Engine</Filter>
    </ClInclude>
    <ClInclude Include="..\..\Engine\IRenderer.hpp">
      <Filter>Engine</Filter>
    </ClInclude>
    <ClInclude Include="..\..\Engine\ITime.hpp">
      <Filter>Engine</Filter>
    </ClInclude>
    <ClInclude Include="..\..\Engine\Systems.hpp">
      <Filter>Engine</Filter>
    </ClInclude>
    <ClInclude Include="..\..\WaterToken.hpp" />
    <ClInclude Include="..\..\Engine\Utility\Maths.hpp">
      <Filter>Engine\Utility</Filter>
    </ClInclude>
    <ClInclude Include="..\..\Engine\Utility\RNG.hpp">
      <Filter>Engine\Utility</Filter>
    </ClInclude>
    <ClInclude Include="..\..\Engine\Utility\Time.hpp">
      <Filter>Engine\Utility</Filter>
    </ClInclude>
    <ClInclude Include="..\..\Engine\Audio\IAudioEngine.hpp">
      <Filter>Engine\Audio</Filter>
    </ClInclude>
    <ClInclude Include="..\..\Engine\Time\TimeSTL.hpp">
      <Filter>Engine\Time</Filter>
    </ClInclude>
    <ClInclude Include="..\..\Engine\Engine.hpp">
      <Filter>Engine</Filter>
    </ClInclude>
    <ClInclude Include="..\..\Engine\WaterEngine.hpp">
      <Filter>Engine</Filter>
    </ClInclude>
    <ClInclude Include="..\..\Engine\WaterEngineForward.hpp">
      <Filter>Engine</Filter>
    </ClInclude>
    <ClInclude Include="..\..\Engine\Construction\EngineBuilder.hpp">
      <Filter>Engine\Construction</Filter>
    </ClInclude>
  </ItemGroup>
</Project>